
Microsoft Visual Studio Solution File, Format Version 12.00
# Visual Studio Version 17
VisualStudioVersion = 17.7.34202.233
MinimumVisualStudioVersion = 10.0.40219.1
Project("{9A19103F-16F7-4668-BE54-9A1E7A4F7556}") = "Test4Create.API", "Test4Create.API.csproj", "{0A0B6DE5-723F-4115-BD52-B21311C25DD9}"
EndProject
Global
	GlobalSection(SolutionConfigurationPlatforms) = preSolution
		Debug|Any CPU = Debug|Any CPU
		Release|Any CPU = Release|Any CPU
	EndGlobalSection
	GlobalSection(ProjectConfigurationPlatforms) = postSolution
		{0A0B6DE5-723F-4115-BD52-B21311C25DD9}.Debug|Any CPU.ActiveCfg = Debug|Any CPU
		{0A0B6DE5-723F-4115-BD52-B21311C25DD9}.Debug|Any CPU.Build.0 = Debug|Any CPU
		{0A0B6DE5-723F-4115-BD52-B21311C25DD9}.Release|Any CPU.ActiveCfg = Release|Any CPU
		{0A0B6DE5-723F-4115-BD52-B21311C25DD9}.Release|Any CPU.Build.0 = Release|Any CPU
	EndGlobalSection
	GlobalSection(SolutionProperties) = preSolution
		HideSolutionNode = FALSE
	EndGlobalSection
	GlobalSection(ExtensibilityGlobals) = postSolution
		SolutionGuid = {FCF7EBA9-7BDF-48F7-954D-3A5FA2E72A34}
	EndGlobalSection
EndGlobal
